
Microsoft Visual Studio Solution File, Format Version 12.00
# Visual Studio Version 16
VisualStudioVersion = 16.0.30804.86
MinimumVisualStudioVersion = 10.0.40219.1
Project("{9A19103F-16F7-4668-BE54-9A1E7A4F7556}") = "ChessBoard", "ChessBoard\ChessBoard.csproj", "{CFEC5E4A-278D-4AE7-8E33-021A2B32130F}"
EndProject
Project("{9A19103F-16F7-4668-BE54-9A1E7A4F7556}") = "ChessEngineLogic", "ChessEngine\ChessEngineLogic.csproj", "{71CA6756-9F91-4363-A9E8-E5E97A55BCC6}"
EndProject
Project("{FAE04EC0-301F-11D3-BF4B-00C04F79EFBC}") = "KingdomChessGame_Desktop", "KingdomChessGame_Desktop\KingdomChessGame_Desktop.csproj", "{424A13BE-7DEF-434F-B36A-F6C65E937754}"
EndProject
Global
	GlobalSection(SolutionConfigurationPlatforms) = preSolution
		Debug|Any CPU = Debug|Any CPU
		Release|Any CPU = Release|Any CPU
	EndGlobalSection
	GlobalSection(ProjectConfigurationPlatforms) = postSolution
		{CFEC5E4A-278D-4AE7-8E33-021A2B32130F}.Debug|Any CPU.ActiveCfg = Debug|Any CPU
		{CFEC5E4A-278D-4AE7-8E33-021A2B32130F}.Debug|Any CPU.Build.0 = Debug|Any CPU
		{CFEC5E4A-278D-4AE7-8E33-021A2B32130F}.Release|Any CPU.ActiveCfg = Release|Any CPU
		{CFEC5E4A-278D-4AE7-8E33-021A2B32130F}.Release|Any CPU.Build.0 = Release|Any CPU
		{71CA6756-9F91-4363-A9E8-E5E97A55BCC6}.Debug|Any CPU.ActiveCfg = Debug|Any CPU
		{71CA6756-9F91-4363-A9E8-E5E97A55BCC6}.Debug|Any CPU.Build.0 = Debug|Any CPU
		{71CA6756-9F91-4363-A9E8-E5E97A55BCC6}.Release|Any CPU.ActiveCfg = Release|Any CPU
		{71CA6756-9F91-4363-A9E8-E5E97A55BCC6}.Release|Any CPU.Build.0 = Release|Any CPU
		{424A13BE-7DEF-434F-B36A-F6C65E937754}.Debug|Any CPU.ActiveCfg = Debug|Any CPU
		{424A13BE-7DEF-434F-B36A-F6C65E937754}.Debug|Any CPU.Build.0 = Debug|Any CPU
		{424A13BE-7DEF-434F-B36A-F6C65E937754}.Release|Any CPU.ActiveCfg = Release|Any CPU
		{424A13BE-7DEF-434F-B36A-F6C65E937754}.Release|Any CPU.Build.0 = Release|Any CPU
	EndGlobalSection
	GlobalSection(SolutionProperties) = preSolution
		HideSolutionNode = FALSE
	EndGlobalSection
	GlobalSection(ExtensibilityGlobals) = postSolution
		SolutionGuid = {B6632EA7-3DAF-4BA3-912A-ACA0A27BB414}
	EndGlobalSection
EndGlobal
